{
  "name": "@tsmean/frontend",
  "version": "1.0.0",
  "lockfileVersion": 1,
  "requires": true,
  "dependencies": {
    "@types/node": {
      "version": "8.0.15",
      "resolved": "https://registry.npmjs.org/@types/node/-/node-8.0.15.tgz",
      "integrity": "sha512-ASl21hskyMlYJkx11SqyWksFHZ0Eb8hiQK+VLZYRCpm99KcPj+JuO1rfVCM2kNKhKKpdR1DVlFrrOYiSeUeiIg==",
      "dev": true
    },
    "typescript": {
      "version": "2.4.2",
      "resolved": "https://registry.npmjs.org/typescript/-/typescript-2.4.2.tgz",
      "integrity": "sha1-+DlfhdRZJ2BnyYiqQYN6j4KHCEQ=",
      "dev": true
    }
  }
}
